
Microsoft Visual Studio Solution File, Format Version 12.00
# Visual Studio Version 17
VisualStudioVersion = 17.0.31912.275
MinimumVisualStudioVersion = 10.0.40219.1
Project("{FAE04EC0-301F-11D3-BF4B-00C04F79EFBC}") = "QuanLyCaPhe", "QuanLyCaPhe\QuanLyCaPhe.csproj", "{B854AAC9-D6F4-48DC-845F-7DFC316C7E65}"
EndProject
Global
	GlobalSection(SolutionConfigurationPlatforms) = preSolution
		Debug|Any CPU = Debug|Any CPU
		Release|Any CPU = Release|Any CPU
	EndGlobalSection
	GlobalSection(ProjectConfigurationPlatforms) = postSolution
		{B854AAC9-D6F4-48DC-845F-7DFC316C7E65}.Debug|Any CPU.ActiveCfg = Debug|Any CPU
		{B854AAC9-D6F4-48DC-845F-7DFC316C7E65}.Debug|Any CPU.Build.0 = Debug|Any CPU
		{B854AAC9-D6F4-48DC-845F-7DFC316C7E65}.Release|Any CPU.ActiveCfg = Release|Any CPU
		{B854AAC9-D6F4-48DC-845F-7DFC316C7E65}.Release|Any CPU.Build.0 = Release|Any CPU
	EndGlobalSection
	GlobalSection(SolutionProperties) = preSolution
		HideSolutionNode = FALSE
	EndGlobalSection
	GlobalSection(ExtensibilityGlobals) = postSolution
		SolutionGuid = {AC6073DF-DF63-45D9-A29B-6099E583AFA6}
	EndGlobalSection
EndGlobal
